<?xml version="1.0" encoding="utf-8"?>
<Project ToolsVersion="4.0" xmlns="http://schemas.microsoft.com/developer/msbuild/2003">
  <ItemGroup>
    <Filter Include="Source Files">
      <UniqueIdentifier>{4FC737F1-C7A5-4376-A066-2A32D752A2FF}</UniqueIdentifier>
      <Extensions>cpp;c;cc;cxx;def;odl;idl;hpj;bat;asm;asmx</Extensions>
    </Filter>
    <Filter Include="Header Files">
      <UniqueIdentifier>{93995380-89BD-4b04-88EB-625FBE52EBFB}</UniqueIdentifier>
      <Extensions>h;hpp;hxx;hm;inl;inc;xsd</Extensions>
    </Filter>
    <Filter Include="Skills">
      <UniqueIdentifier>{0ad38954-45c5-4804-b432-1b1fb3a46779}</UniqueIdentifier>
    </Filter>
    <Filter Include="PVP Systems">
      <UniqueIdentifier>{8af6205c-b653-4db8-acbf-c82d626da328}</UniqueIdentifier>
    </Filter>
    <Filter Include="Equipments">
      <UniqueIdentifier>{f6e002be-afc6-4f89-b08c-eaa586af2e64}</UniqueIdentifier>
    </Filter>
    <Filter Include="Hooks">
      <UniqueIdentifier>{9a0b65f2-5188-4a93-a7fe-9d59c81d4969}</UniqueIdentifier>
    </Filter>
  </ItemGroup>
  <ItemGroup>
    <ClInclude Include="Exports.h">
      <Filter>Header Files</Filter>
    </ClInclude>
    <ClInclude Include="Functions.h">
      <Filter>Header Files</Filter>
    </ClInclude>
    <ClInclude Include="CreateBuff.h">
      <Filter>Header Files</Filter>
    </ClInclude>
    <ClInclude Include="PasswordDecode.h">
      <Filter>Header Files</Filter>
    </ClInclude>
    <ClInclude Include="Time.h">
      <Filter>Header Files</Filter>
    </ClInclude>
    <ClInclude Include="Tools.h">
      <Filter>Header Files</Filter>
    </ClInclude>
    <ClInclude Include="IChar.h">
      <Filter>Header Files</Filter>
    </ClInclude>
    <ClInclude Include="Interface.h">
      <Filter>Header Files</Filter>
    </ClInclude>
    <ClInclude Include="ISkill.h">
      <Filter>Header Files</Filter>
    </ClInclude>
    <ClInclude Include="Lock.h">
      <Filter>Header Files</Filter>
    </ClInclude>
    <ClInclude Include="Memory.h">
      <Filter>Header Files</Filter>
    </ClInclude>
    <ClInclude Include="RefreshBuff.h">
      <Filter>Header Files</Filter>
    </ClInclude>
    <ClInclude Include="IQuest.h">
      <Filter>Header Files</Filter>
    </ClInclude>
    <ClInclude Include="IItem.h">
      <Filter>Header Files</Filter>
    </ClInclude>
    <ClInclude Include="EagleStat.h">
      <Filter>Header Files</Filter>
    </ClInclude>
    <ClInclude Include="MonsterBlob.h">
      <Filter>Header Files</Filter>
    </ClInclude>
    <ClInclude Include="SaveAllProperty.h">
      <Filter>Header Files</Filter>
    </ClInclude>
    <ClInclude Include="CDBProcess.h">
      <Filter>Header Files</Filter>
    </ClInclude>
    <ClInclude Include="Loader.h">
      <Filter>Header Files</Filter>
    </ClInclude>
    <ClInclude Include="StatPointValue.h">
      <Filter>Header Files</Filter>
    </ClInclude>
    <ClInclude Include="CastleWarFix.h">
      <Filter>Header Files</Filter>
    </ClInclude>
    <ClInclude Include="ContinuesSkill.h">
      <Filter>Header Files</Filter>
    </ClInclude>
    <ClInclude Include="ResetContinueSkill.h">
      <Filter>Header Files</Filter>
    </ClInclude>
    <ClInclude Include="Lisans.h">
      <Filter>Header Files</Filter>
    </ClInclude>
    <ClInclude Include="ItemFixes.h">
      <Filter>Header Files</Filter>
    </ClInclude>
    <ClInclude Include="MD5.h">
      <Filter>Header Files</Filter>
    </ClInclude>
    <ClInclude Include="base64.h">
      <Filter>Header Files</Filter>
    </ClInclude>
    <ClInclude Include="Sha256.h">
      <Filter>Header Files</Filter>
    </ClInclude>
    <ClInclude Include="IBuff.h">
      <Filter>Header Files</Filter>
    </ClInclude>
    <ClInclude Include="CriticalSection.h">
      <Filter>Header Files</Filter>
    </ClInclude>
    <ClInclude Include="GetBuff.h">
      <Filter>Header Files</Filter>
    </ClInclude>
    <ClInclude Include="sqlite3.h">
      <Filter>Header Files</Filter>
    </ClInclude>
    <ClInclude Include="Registration.h">
      <Filter>Header Files</Filter>
    </ClInclude>
    <ClInclude Include="ItemType.h">
      <Filter>Header Files</Filter>
    </ClInclude>
    <ClInclude Include="ConcurrentMap.h">
      <Filter>Header Files</Filter>
    </ClInclude>
    <ClInclude Include="CriticalLock.h">
      <Filter>Header Files</Filter>
    </ClInclude>
    <ClInclude Include="TargetFind.h">
      <Filter>Header Files</Filter>
    </ClInclude>
    <ClInclude Include="Buffer.h">
      <Filter>Header Files</Filter>
    </ClInclude>
    <ClInclude Include="NPC.h">
      <Filter>Header Files</Filter>
    </ClInclude>
    <ClInclude Include="MapData.h">
      <Filter>Header Files</Filter>
    </ClInclude>
    <ClInclude Include="dirent.h">
      <Filter>Header Files</Filter>
    </ClInclude>
    <ClInclude Include="Reload.h">
      <Filter>Header Files</Filter>
    </ClInclude>
    <ClInclude Include="CChar.h">
      <Filter>Header Files</Filter>
    </ClInclude>
    <ClInclude Include="SufferingValley.h">
      <Filter>Header Files</Filter>
    </ClInclude>
    <ClInclude Include="Cleaner.h">
      <Filter>Header Files</Filter>
    </ClInclude>
    <ClInclude Include="WalkOnTheAir.h">
      <Filter>Skills</Filter>
    </ClInclude>
    <ClInclude Include="Behead.h">
      <Filter>Skills</Filter>
    </ClInclude>
    <ClInclude Include="Calls.h">
      <Filter>Skills</Filter>
    </ClInclude>
    <ClInclude Include="EggSkill.h">
      <Filter>Skills</Filter>
    </ClInclude>
    <ClInclude Include="Hardware.h">
      <Filter>Header Files</Filter>
    </ClInclude>
    <ClInclude Include="Thief.h">
      <Filter>Skills</Filter>
    </ClInclude>
    <ClInclude Include="Mage.h">
      <Filter>Skills</Filter>
    </ClInclude>
    <ClInclude Include="Shaman.h">
      <Filter>Skills</Filter>
    </ClInclude>
    <ClInclude Include="Archer.h">
      <Filter>Skills</Filter>
    </ClInclude>
    <ClInclude Include="Knight.h">
      <Filter>Skills</Filter>
    </ClInclude>
    <ClInclude Include="Egg.h">
      <Filter>Skills</Filter>
    </ClInclude>
    <ClInclude Include="TriangularBattle.h">
      <Filter>PVP Systems</Filter>
    </ClInclude>
    <ClInclude Include="Duel.h">
      <Filter>PVP Systems</Filter>
    </ClInclude>
    <ClInclude Include="WeaponPut.h">
      <Filter>Equipments</Filter>
    </ClInclude>
    <ClInclude Include="WeaponChangePrefix.h">
      <Filter>Equipments</Filter>
    </ClInclude>
    <ClInclude Include="ArmorPut.h">
      <Filter>Equipments</Filter>
    </ClInclude>
    <ClInclude Include="Ornament.h">
      <Filter>Equipments</Filter>
    </ClInclude>
    <ClInclude Include="Skill.h">
      <Filter>Hooks</Filter>
    </ClInclude>
    <ClInclude Include="Trade.h">
      <Filter>Hooks</Filter>
    </ClInclude>
    <ClInclude Include="StoneOfBirth.h">
      <Filter>Hooks</Filter>
    </ClInclude>
    <ClInclude Include="StoneOfChance.h">
      <Filter>Hooks</Filter>
    </ClInclude>
    <ClInclude Include="SkillCheck.h">
      <Filter>Hooks</Filter>
    </ClInclude>
    <ClInclude Include="SkillPointer.h">
      <Filter>Hooks</Filter>
    </ClInclude>
    <ClInclude Include="SkillCalculation.h">
      <Filter>Hooks</Filter>
    </ClInclude>
    <ClInclude Include="Transform.h">
      <Filter>Hooks</Filter>
    </ClInclude>
    <ClInclude Include="StandardPut.h">
      <Filter>Equipments</Filter>
    </ClInclude>
    <ClInclude Include="SkillUpgradeCheck.h">
      <Filter>Hooks</Filter>
    </ClInclude>
    <ClInclude Include="SendMail.h">
      <Filter>Hooks</Filter>
    </ClInclude>
    <ClInclude Include="NormalHit.h">
      <Filter>Hooks</Filter>
    </ClInclude>
    <ClInclude Include="ItemUse.h">
      <Filter>Hooks</Filter>
    </ClInclude>
    <ClInclude Include="Quest.h">
      <Filter>Hooks</Filter>
    </ClInclude>
    <ClInclude Include="Start.h">
      <Filter>Hooks</Filter>
    </ClInclude>
    <ClInclude Include="Timer.h">
      <Filter>Hooks</Filter>
    </ClInclude>
    <ClInclude Include="Storage.h">
      <Filter>Hooks</Filter>
    </ClInclude>
    <ClInclude Include="ProcessMsg.h">
      <Filter>Hooks</Filter>
    </ClInclude>
    <ClInclude Include="Process.h">
      <Filter>Hooks</Filter>
    </ClInclude>
    <ClInclude Include="Player.h">
      <Filter>Hooks</Filter>
    </ClInclude>
    <ClInclude Include="ReadConfig.h">
      <Filter>Hooks</Filter>
    </ClInclude>
    <ClInclude Include="OnLoadPlayer.h">
      <Filter>Hooks</Filter>
    </ClInclude>
    <ClInclude Include="MyFunctions.h">
      <Filter>Hooks</Filter>
    </ClInclude>
    <ClInclude Include="Mix.h">
      <Filter>Hooks</Filter>
    </ClInclude>
    <ClInclude Include="Menu.h">
      <Filter>Hooks</Filter>
    </ClInclude>
    <ClInclude Include="LevelUp.h">
      <Filter>Hooks</Filter>
    </ClInclude>
    <ClInclude Include="EggExp.h">
      <Filter>Hooks</Filter>
    </ClInclude>
    <ClInclude Include="ExpTable.h">
      <Filter>Hooks</Filter>
    </ClInclude>
    <ClInclude Include="DropItem.h">
      <Filter>Hooks</Filter>
    </ClInclude>
    <ClInclude Include="FinalDamage.h">
      <Filter>Hooks</Filter>
    </ClInclude>
    <ClInclude Include="DefenseChangePrefix.h">
      <Filter>Equipments</Filter>
    </ClInclude>
    <ClInclude Include="Packet.h">
      <Filter>Hooks</Filter>
    </ClInclude>
    <ClInclude Include="Summon.h">
      <Filter>Hooks</Filter>
    </ClInclude>
    <ClInclude Include="Lawless.h">
      <Filter>PVP Systems</Filter>
    </ClInclude>
    <ClInclude Include="CutDownExp.h">
      <Filter>Hooks</Filter>
    </ClInclude>
    <ClInclude Include="Channel.h">
      <Filter>Hooks</Filter>
    </ClInclude>
    <ClInclude Include="Calculations.h">
      <Filter>Hooks</Filter>
    </ClInclude>
    <ClInclude Include="CanAttack.h">
      <Filter>Hooks</Filter>
    </ClInclude>
    <ClInclude Include="CBaseDelete.h">
      <Filter>Hooks</Filter>
    </ClInclude>
    <ClInclude Include="Command.h">
      <Filter>Hooks</Filter>
    </ClInclude>
    <ClInclude Include="BuyItemEx.h">
      <Filter>Hooks</Filter>
    </ClInclude>
    <ClInclude Include="AutoLearn.h">
      <Filter>Hooks</Filter>
    </ClInclude>
    <ClInclude Include="CProtection.h">
      <Filter>Hooks</Filter>
    </ClInclude>
    <ClInclude Include="Variables.h">
      <Filter>Header Files</Filter>
    </ClInclude>
  </ItemGroup>
  <ItemGroup>
    <None Include="Exports.def">
      <Filter>Source Files</Filter>
    </None>
    <None Include="ClassDiagram.cd" />
    <None Include="SystemRegistration.h">
      <Filter>Header Files</Filter>
    </None>
    <None Include="RegistrationMap.h">
      <Filter>Header Files</Filter>
    </None>
    <None Include="MutexMap.h">
      <Filter>Header Files</Filter>
    </None>
    <None Include="ConcurrentSet.h">
      <Filter>Header Files</Filter>
    </None>
    <None Include="ConcurrentVector.h">
      <Filter>Header Files</Filter>
    </None>
    <None Include="MyIterator.h">
      <Filter>Header Files</Filter>
    </None>
    <None Include="Pointer.h">
      <Filter>Header Files</Filter>
    </None>
    <None Include="WorldCup.h">
      <Filter>PVP Systems</Filter>
    </None>
    <None Include="DuelTournament.h">
      <Filter>PVP Systems</Filter>
    </None>
    <None Include="PartyVsParty.h">
      <Filter>PVP Systems</Filter>
    </None>
  </ItemGroup>
  <ItemGroup>
    <ClCompile Include="Core.cpp">
      <Filter>Source Files</Filter>
    </ClCompile>
    <ClCompile Include="Tools.cpp">
      <Filter>Source Files</Filter>
    </ClCompile>
    <ClCompile Include="IChar.cpp">
      <Filter>Source Files</Filter>
    </ClCompile>
    <ClCompile Include="Interface.cpp">
      <Filter>Source Files</Filter>
    </ClCompile>
    <ClCompile Include="ISkill.cpp">
      <Filter>Source Files</Filter>
    </ClCompile>
    <ClCompile Include="Memory.cpp">
      <Filter>Source Files</Filter>
    </ClCompile>
    <ClCompile Include="IItem.cpp">
      <Filter>Source Files</Filter>
    </ClCompile>
    <ClCompile Include="IQuest.cpp">
      <Filter>Source Files</Filter>
    </ClCompile>
    <ClCompile Include="base64.cpp">
      <Filter>Source Files</Filter>
    </ClCompile>
    <ClCompile Include="sha256.cpp">
      <Filter>Source Files</Filter>
    </ClCompile>
    <ClCompile Include="IBuff.cpp">
      <Filter>Source Files</Filter>
    </ClCompile>
    <ClCompile Include="sqlite3.c">
      <Filter>Source Files</Filter>
    </ClCompile>
    <ClCompile Include="shell.c">
      <Filter>Source Files</Filter>
    </ClCompile>
    <ClCompile Include="ReadConfig.cpp">
      <Filter>Source Files</Filter>
    </ClCompile>
    <ClCompile Include="Command.cpp">
      <Filter>Source Files</Filter>
    </ClCompile>
  </ItemGroup>
</Project>